
Microsoft Visual Studio Solution File, Format Version 12.00
# Visual Studio 15
VisualStudioVersion = 15.0.26403.7
MinimumVisualStudioVersion = 10.0.40219.1
Project("{9A19103F-16F7-4668-BE54-9A1E7A4F7556}") = "CreativeMinds.CQS", "CreativeMinds.CQS\CreativeMinds.CQS.csproj", "{DD7F82F1-54A2-491E-9DEB-F023CEF7F7A4}"
EndProject
Project("{FAE04EC0-301F-11D3-BF4B-00C04F79EFBC}") = "CreativeMinds.CQS.Ninject", "CreativeMinds.CQS.Ninject\CreativeMinds.CQS.Ninject.csproj", "{28C162A1-C5BE-4ABD-8278-A52B1F9728C3}"
EndProject
Project("{2150E333-8FDC-42A3-9474-1A3956D46DE8}") = "Build", "Build", "{CD83D8B1-0AB2-4F61-BAB1-6AC359ED4722}"
	ProjectSection(SolutionItems) = preProject
		..\appveyor.yml = ..\appveyor.yml
	EndProjectSection
EndProject
Project("{2150E333-8FDC-42A3-9474-1A3956D46DE8}") = "Documentation", "Documentation", "{26ECD447-3827-4FE6-A5D7-6290897D5ECC}"
	ProjectSection(SolutionItems) = preProject
		..\LICENSE = ..\LICENSE
		..\README.md = ..\README.md
	EndProjectSection
EndProject
Global
	GlobalSection(SolutionConfigurationPlatforms) = preSolution
		Debug|Any CPU = Debug|Any CPU
		Release|Any CPU = Release|Any CPU
	EndGlobalSection
	GlobalSection(ProjectConfigurationPlatforms) = postSolution
		{DD7F82F1-54A2-491E-9DEB-F023CEF7F7A4}.Debug|Any CPU.ActiveCfg = Debug|Any CPU
		{DD7F82F1-54A2-491E-9DEB-F023CEF7F7A4}.Debug|Any CPU.Build.0 = Debug|Any CPU
		{DD7F82F1-54A2-491E-9DEB-F023CEF7F7A4}.Release|Any CPU.ActiveCfg = Release|Any CPU
		{DD7F82F1-54A2-491E-9DEB-F023CEF7F7A4}.Release|Any CPU.Build.0 = Release|Any CPU
		{28C162A1-C5BE-4ABD-8278-A52B1F9728C3}.Debug|Any CPU.ActiveCfg = Debug|Any CPU
		{28C162A1-C5BE-4ABD-8278-A52B1F9728C3}.Debug|Any CPU.Build.0 = Debug|Any CPU
		{28C162A1-C5BE-4ABD-8278-A52B1F9728C3}.Release|Any CPU.ActiveCfg = Release|Any CPU
		{28C162A1-C5BE-4ABD-8278-A52B1F9728C3}.Release|Any CPU.Build.0 = Release|Any CPU
	EndGlobalSection
	GlobalSection(SolutionProperties) = preSolution
		HideSolutionNode = FALSE
	EndGlobalSection
EndGlobal
