
Microsoft Visual Studio Solution File, Format Version 12.00
# Visual Studio 15
VisualStudioVersion = 15.0.27130.2010
MinimumVisualStudioVersion = 10.0.40219.1
Project("{9A19103F-16F7-4668-BE54-9A1E7A4F7556}") = "CreativeMinds.CQS", "CreativeMinds.CQS\CreativeMinds.CQS.csproj", "{ADFBC164-C0A2-47DD-B270-FE85B9280A99}"
EndProject
Project("{9A19103F-16F7-4668-BE54-9A1E7A4F7556}") = "CreativeMinds.CQS.Autofac", "CreativeMinds.CQS.Autofac\CreativeMinds.CQS.Autofac.csproj", "{B33CE3D9-4EE2-4AAA-A29F-4B5E82D63A0C}"
EndProject
Global
	GlobalSection(SolutionConfigurationPlatforms) = preSolution
		Debug|Any CPU = Debug|Any CPU
		Release|Any CPU = Release|Any CPU
	EndGlobalSection
	GlobalSection(ProjectConfigurationPlatforms) = postSolution
		{ADFBC164-C0A2-47DD-B270-FE85B9280A99}.Debug|Any CPU.ActiveCfg = Debug|Any CPU
		{ADFBC164-C0A2-47DD-B270-FE85B9280A99}.Debug|Any CPU.Build.0 = Debug|Any CPU
		{ADFBC164-C0A2-47DD-B270-FE85B9280A99}.Release|Any CPU.ActiveCfg = Release|Any CPU
		{ADFBC164-C0A2-47DD-B270-FE85B9280A99}.Release|Any CPU.Build.0 = Release|Any CPU
		{B33CE3D9-4EE2-4AAA-A29F-4B5E82D63A0C}.Debug|Any CPU.ActiveCfg = Debug|Any CPU
		{B33CE3D9-4EE2-4AAA-A29F-4B5E82D63A0C}.Debug|Any CPU.Build.0 = Debug|Any CPU
		{B33CE3D9-4EE2-4AAA-A29F-4B5E82D63A0C}.Release|Any CPU.ActiveCfg = Release|Any CPU
		{B33CE3D9-4EE2-4AAA-A29F-4B5E82D63A0C}.Release|Any CPU.Build.0 = Release|Any CPU
	EndGlobalSection
	GlobalSection(SolutionProperties) = preSolution
		HideSolutionNode = FALSE
	EndGlobalSection
	GlobalSection(ExtensibilityGlobals) = postSolution
		SolutionGuid = {148683E7-1E46-4660-9C1A-C6D547E60CBC}
	EndGlobalSection
EndGlobal
